// !$*UTF8*$!
{
	archiveVersion = 1;
	classes = {
	};
	objectVersion = 46;
	objects = {

/* Begin PBXAggregateTarget section */
		E985E8A759C44EC7A79B17D7 /* ALL_BUILD */ = {
			isa = PBXAggregateTarget;
			buildConfigurationList = F2D166882EA64556B1A15123 /* Build configuration list for PBXAggregateTarget "ALL_BUILD" */;
			buildPhases = (
				446F932C86C14A4892399A91 /* CMake Rules */,
			);
			dependencies = (
				28640D4BA4474EE4BFA7876B /* PBXTargetDependency */,
				2690134F2AC04BEEA9E5A737 /* PBXTargetDependency */,
			);
			name = ALL_BUILD;
			productName = ALL_BUILD;
		};
		F5ECE3BD76A7402FB0582BBB /* ZERO_CHECK */ = {
			isa = PBXAggregateTarget;
			buildConfigurationList = 6ABD95DA8D39408BBC8FDA37 /* Build configuration list for PBXAggregateTarget "ZERO_CHECK" */;
			buildPhases = (
				202837D269534429A1000685 /* CMake Rules */,
			);
			dependencies = (
			);
			name = ZERO_CHECK;
			productName = ZERO_CHECK;
		};
/* End PBXAggregateTarget section */

/* Begin PBXBuildFile section */
		2EDB5FF0964B4A9E9BE996DA /* /Users/hang/Desktop/SelfDrivingCar__TERM2/Term2/P4/src/PID.cpp */ = {isa = PBXBuildFile; fileRef = 8A4EC3D19A5247CB98A1CBAF /* /Users/hang/Desktop/SelfDrivingCar__TERM2/Term2/P4/src/PID.cpp */; settings = {COMPILER_FLAGS = ""; }; };
		589E40F1D1574B99BF8AAAA0 /* /Users/hang/Desktop/SelfDrivingCar__TERM2/Term2/P4/src/main.cpp */ = {isa = PBXBuildFile; fileRef = 16170E60064F46CE9399F611 /* /Users/hang/Desktop/SelfDrivingCar__TERM2/Term2/P4/src/main.cpp */; settings = {COMPILER_FLAGS = ""; }; };
		5B28F609C4CC4FE98DC53F14 /* /Users/hang/Desktop/SelfDrivingCar__TERM2/Term2/P4/CMakeLists.txt */ = {isa = PBXBuildFile; fileRef = 011B697D99B5434FA00AA3BC /* /Users/hang/Desktop/SelfDrivingCar__TERM2/Term2/P4/CMakeLists.txt */; settings = {COMPILER_FLAGS = ""; }; };
/* End PBXBuildFile section */

/* Begin PBXBuildStyle section */
		21263F5985004B13B34231EF = {
			isa = PBXBuildStyle;
		};
		2B63F02189FE44EBA1492760 /* Debug */ = {
			isa = PBXBuildStyle;
			buildSettings = {
				COPY_PHASE_STRIP = NO;
			};
			name = Debug;
		};
		33C6468FD24346739BA00DBC /* Release */ = {
			isa = PBXBuildStyle;
			buildSettings = {
				COPY_PHASE_STRIP = NO;
			};
			name = Release;
		};
		A8787B3F77754C8F8F3FB7E4 /* MinSizeRel */ = {
			isa = PBXBuildStyle;
			buildSettings = {
				COPY_PHASE_STRIP = NO;
			};
			name = MinSizeRel;
		};
		C76A494F2260400F99A27444 /* RelWithDebInfo */ = {
			isa = PBXBuildStyle;
			buildSettings = {
				COPY_PHASE_STRIP = NO;
			};
			name = RelWithDebInfo;
		};
/* End PBXBuildStyle section */

/* Begin PBXContainerItemProxy section */
		8C9989B4372B48B38254C19B /* PBXContainerItemProxy */ = {
			isa = PBXContainerItemProxy;
			containerPortal = A1AB21CBA30D439FA3DEBFC5 /* Project object */;
			proxyType = 1;
			remoteGlobalIDString = F5ECE3BD76A7402FB0582BBB;
			remoteInfo = ZERO_CHECK;
		};
		D09D5528002F4DB0B1A6B10F /* PBXContainerItemProxy */ = {
			isa = PBXContainerItemProxy;
			containerPortal = A1AB21CBA30D439FA3DEBFC5 /* Project object */;
			proxyType = 1;
			remoteGlobalIDString = F5ECE3BD76A7402FB0582BBB;
			remoteInfo = ZERO_CHECK;
		};
		FC563762B5274142A88D7DE6 /* PBXContainerItemProxy */ = {
			isa = PBXContainerItemProxy;
			containerPortal = A1AB21CBA30D439FA3DEBFC5 /* Project object */;
			proxyType = 1;
			remoteGlobalIDString = D6B4E913BD5A447A80AF0E3E;
			remoteInfo = pid;
		};
/* End PBXContainerItemProxy section */

/* Begin PBXFileReference section */
		011B697D99B5434FA00AA3BC /* /Users/hang/Desktop/SelfDrivingCar__TERM2/Term2/P4/CMakeLists.txt */ = {isa = PBXFileReference; explicitFileType = sourcecode.text; fileEncoding = 4; name = CMakeLists.txt; path = CMakeLists.txt; sourceTree = SOURCE_ROOT; };
		16170E60064F46CE9399F611 /* /Users/hang/Desktop/SelfDrivingCar__TERM2/Term2/P4/src/main.cpp */ = {isa = PBXFileReference; explicitFileType = sourcecode.cpp.cpp; fileEncoding = 4; name = main.cpp; path = src/main.cpp; sourceTree = SOURCE_ROOT; };
		25CBDA3A4DA54BBD979A8C08 /* /Users/hang/Desktop/SelfDrivingCar__TERM2/Term2/P4/CMakeLists.txt */ = {isa = PBXFileReference; explicitFileType = sourcecode.text; fileEncoding = 4; name = CMakeLists.txt; path = CMakeLists.txt; sourceTree = SOURCE_ROOT; };
		5E819A45D17A432D892D6D76 /* pid */ = {isa = PBXFileReference; explicitFileType = "compiled.mach-o.executable"; path = pid; refType = 0; sourceTree = BUILT_PRODUCTS_DIR; };
		8A4EC3D19A5247CB98A1CBAF /* /Users/hang/Desktop/SelfDrivingCar__TERM2/Term2/P4/src/PID.cpp */ = {isa = PBXFileReference; explicitFileType = sourcecode.cpp.cpp; fileEncoding = 4; name = PID.cpp; path = src/PID.cpp; sourceTree = SOURCE_ROOT; };
		8E3DC56A37324FCF9DD60D45 /* /Users/hang/Desktop/SelfDrivingCar__TERM2/Term2/P4/CMakeLists.txt */ = {isa = PBXFileReference; explicitFileType = sourcecode.text; fileEncoding = 4; name = CMakeLists.txt; path = CMakeLists.txt; sourceTree = SOURCE_ROOT; };
/* End PBXFileReference section */

/* Begin PBXGroup section */
		022EEC54BAD44303800F42D9 = {
			isa = PBXGroup;
			children = (
				86AA51DD78604F15B8CE8AC2 /* Sources */,
				6AC7C9C21433456586CA949A /* Resources */,
				5E7AD6D9E1854060B1BC78CF /* Products */,
			);
			sourceTree = "<group>";
		};
		1BCE281E826543F7A213E858 /* ZERO_CHECK */ = {
			isa = PBXGroup;
			children = (
				8EBC3A7D92414EE7818CFDAE /* CMake Rules */,
				8E3DC56A37324FCF9DD60D45 /* /Users/hang/Desktop/SelfDrivingCar__TERM2/Term2/P4/CMakeLists.txt */,
			);
			name = ZERO_CHECK;
			sourceTree = "<group>";
		};
		5E7AD6D9E1854060B1BC78CF /* Products */ = {
			isa = PBXGroup;
			children = (
				5E819A45D17A432D892D6D76 /* pid */,
			);
			name = Products;
			sourceTree = "<group>";
		};
		6AC7C9C21433456586CA949A /* Resources */ = {
			isa = PBXGroup;
			children = (
			);
			name = Resources;
			sourceTree = "<group>";
		};
		86AA51DD78604F15B8CE8AC2 /* Sources */ = {
			isa = PBXGroup;
			children = (
				B4BFBCCCA9184049B504B9C7 /* pid */,
				9ABA1C0939564489A61B9149 /* ALL_BUILD */,
				1BCE281E826543F7A213E858 /* ZERO_CHECK */,
			);
			name = Sources;
			sourceTree = "<group>";
		};
		8EBC3A7D92414EE7818CFDAE /* CMake Rules */ = {
			isa = PBXGroup;
			children = (
			);
			name = "CMake Rules";
			sourceTree = "<group>";
		};
		9ABA1C0939564489A61B9149 /* ALL_BUILD */ = {
			isa = PBXGroup;
			children = (
				A77B8A71EC5D410BB1B354E9 /* CMake Rules */,
				25CBDA3A4DA54BBD979A8C08 /* /Users/hang/Desktop/SelfDrivingCar__TERM2/Term2/P4/CMakeLists.txt */,
			);
			name = ALL_BUILD;
			sourceTree = "<group>";
		};
		A77B8A71EC5D410BB1B354E9 /* CMake Rules */ = {
			isa = PBXGroup;
			children = (
			);
			name = "CMake Rules";
			sourceTree = "<group>";
		};
		B4BFBCCCA9184049B504B9C7 /* pid */ = {
			isa = PBXGroup;
			children = (
				C069C4522D2A4E90912F7AB2 /* Source Files */,
				011B697D99B5434FA00AA3BC /* /Users/hang/Desktop/SelfDrivingCar__TERM2/Term2/P4/CMakeLists.txt */,
			);
			name = pid;
			sourceTree = "<group>";
		};
		C069C4522D2A4E90912F7AB2 /* Source Files */ = {
			isa = PBXGroup;
			children = (
				8A4EC3D19A5247CB98A1CBAF /* /Users/hang/Desktop/SelfDrivingCar__TERM2/Term2/P4/src/PID.cpp */,
				16170E60064F46CE9399F611 /* /Users/hang/Desktop/SelfDrivingCar__TERM2/Term2/P4/src/main.cpp */,
			);
			name = "Source Files";
			sourceTree = "<group>";
		};
/* End PBXGroup section */

/* Begin PBXNativeTarget section */
		D6B4E913BD5A447A80AF0E3E /* pid */ = {
			isa = PBXNativeTarget;
			buildConfigurationList = DEDA1E48BA1E47C3AEF4EE9D /* Build configuration list for PBXNativeTarget "pid" */;
			buildPhases = (
				28580E87A6C94C258C12462F /* Sources */,
			);
			buildRules = (
			);
			dependencies = (
				66CDA3778B2B47D8B99A3C73 /* PBXTargetDependency */,
			);
			name = pid;
			productName = pid;
			productReference = 5E819A45D17A432D892D6D76 /* pid */;
			productType = "com.apple.product-type.tool";
		};
/* End PBXNativeTarget section */

/* Begin PBXProject section */
		A1AB21CBA30D439FA3DEBFC5 /* Project object */ = {
			isa = PBXProject;
			attributes = {
				BuildIndependentTargetsInParallel = YES;
				LastUpgradeCheck = 0830;
			};
			buildConfigurationList = 283D55441B63445CA03B9C60 /* Build configuration list for PBXProject "PID" */;
			buildSettings = {
			};
			buildStyles = (
				2B63F02189FE44EBA1492760 /* Debug */,
				33C6468FD24346739BA00DBC /* Release */,
				A8787B3F77754C8F8F3FB7E4 /* MinSizeRel */,
				C76A494F2260400F99A27444 /* RelWithDebInfo */,
			);
			compatibilityVersion = "Xcode 3.2";
			hasScannedForEncodings = 0;
			mainGroup = 022EEC54BAD44303800F42D9;
			projectDirPath = .;
			projectRoot = "";
			targets = (
				E985E8A759C44EC7A79B17D7 /* ALL_BUILD */,
				F5ECE3BD76A7402FB0582BBB /* ZERO_CHECK */,
				D6B4E913BD5A447A80AF0E3E /* pid */,
			);
		};
/* End PBXProject section */

/* Begin PBXShellScriptBuildPhase section */
		1BDF9BF39A034F0A9F0019EF = {
			isa = PBXShellScriptBuildPhase;
			buildActionMask = 2147483647;
			files = (
			);
			inputPaths = (
			);
			outputPaths = (
			);
			runOnlyForDeploymentPostprocessing = 0;
			shellPath = /bin/sh;
			shellScript = "# shell script goes here
exit 0";
			showEnvVarsInLog = 0;
		};
		1FD073D31A9948CE8FA90199 = {
			isa = PBXShellScriptBuildPhase;
			buildActionMask = 2147483647;
			files = (
			);
			inputPaths = (
			);
			outputPaths = (
			);
			runOnlyForDeploymentPostprocessing = 0;
			shellPath = /bin/sh;
			shellScript = "# shell script goes here
exit 0";
			showEnvVarsInLog = 0;
		};
		202837D269534429A1000685 /* CMake Rules */ = {
			isa = PBXShellScriptBuildPhase;
			buildActionMask = 2147483647;
			files = (
			);
			name = "CMake Rules";
			runOnlyForDeploymentPostprocessing = 0;
			shellPath = /bin/sh;
			shellScript = "make -C /Users/hang/Desktop/SelfDrivingCar__TERM2/Term2/P4 -f /Users/hang/Desktop/SelfDrivingCar__TERM2/Term2/P4/CMakeScripts/ZERO_CHECK_cmakeRulesBuildPhase.make$CONFIGURATION all";
			showEnvVarsInLog = 0;
		};
		446F932C86C14A4892399A91 /* CMake Rules */ = {
			isa = PBXShellScriptBuildPhase;
			buildActionMask = 2147483647;
			files = (
			);
			name = "CMake Rules";
			runOnlyForDeploymentPostprocessing = 0;
			shellPath = /bin/sh;
			shellScript = "make -C /Users/hang/Desktop/SelfDrivingCar__TERM2/Term2/P4 -f /Users/hang/Desktop/SelfDrivingCar__TERM2/Term2/P4/CMakeScripts/ALL_BUILD_cmakeRulesBuildPhase.make$CONFIGURATION all";
			showEnvVarsInLog = 0;
		};
/* End PBXShellScriptBuildPhase section */

/* Begin PBXSourcesBuildPhase section */
		28580E87A6C94C258C12462F /* Sources */ = {
			isa = PBXSourcesBuildPhase;
			buildActionMask = 2147483647;
			files = (
				2EDB5FF0964B4A9E9BE996DA /* /Users/hang/Desktop/SelfDrivingCar__TERM2/Term2/P4/src/PID.cpp */,
				589E40F1D1574B99BF8AAAA0 /* /Users/hang/Desktop/SelfDrivingCar__TERM2/Term2/P4/src/main.cpp */,
			);
			runOnlyForDeploymentPostprocessing = 0;
		};
/* End PBXSourcesBuildPhase section */

/* Begin PBXTargetDependency section */
		2690134F2AC04BEEA9E5A737 /* PBXTargetDependency */ = {
			isa = PBXTargetDependency;
			target = D6B4E913BD5A447A80AF0E3E /* pid */;
			targetProxy = FC563762B5274142A88D7DE6 /* PBXContainerItemProxy */;
		};
		28640D4BA4474EE4BFA7876B /* PBXTargetDependency */ = {
			isa = PBXTargetDependency;
			target = F5ECE3BD76A7402FB0582BBB /* ZERO_CHECK */;
			targetProxy = 8C9989B4372B48B38254C19B /* PBXContainerItemProxy */;
		};
		66CDA3778B2B47D8B99A3C73 /* PBXTargetDependency */ = {
			isa = PBXTargetDependency;
			target = F5ECE3BD76A7402FB0582BBB /* ZERO_CHECK */;
			targetProxy = D09D5528002F4DB0B1A6B10F /* PBXContainerItemProxy */;
		};
/* End PBXTargetDependency section */

/* Begin XCBuildConfiguration section */
		2099B9574E294A4BB7E5DB42 /* Debug */ = {
			isa = XCBuildConfiguration;
			buildSettings = {
				ONLY_ACTIVE_ARCH = YES;
				SDKROOT = /Applications/Xcode.app/Contents/Developer/Platforms/MacOSX.platform/Developer/SDKs/MacOSX10.12.sdk;
				SYMROOT = /Users/hang/Desktop/SelfDrivingCar__TERM2/Term2/P4/build;
			};
			name = Debug;
		};
		268D25F81B18405EA2140B7D /* MinSizeRel */ = {
			isa = XCBuildConfiguration;
			buildSettings = {
				COMBINE_HIDPI_IMAGES = YES;
				GCC_GENERATE_DEBUGGING_SYMBOLS = YES;
				GCC_INLINES_ARE_PRIVATE_EXTERN = NO;
				GCC_OPTIMIZATION_LEVEL = 0;
				GCC_PREPROCESSOR_DEFINITIONS = ("'CMAKE_INTDIR=\"$(CONFIGURATION)$(EFFECTIVE_PLATFORM_NAME)\"'", );
				GCC_SYMBOLS_PRIVATE_EXTERN = NO;
				HEADER_SEARCH_PATHS = (/usr/local/include, /usr/local/opt/openssl/include, );
				INSTALL_PATH = "";
				OTHER_LDFLAGS = " ";
				OTHER_REZFLAGS = "";
				PRODUCT_NAME = ALL_BUILD;
				SECTORDER_FLAGS = "";
				SYMROOT = /Users/hang/Desktop/SelfDrivingCar__TERM2/Term2/P4;
				USE_HEADERMAP = NO;
				WARNING_CFLAGS = ("-Wmost", "-Wno-four-char-constants", "-Wno-unknown-pragmas", "$(inherited)", );
			};
			name = MinSizeRel;
		};
		5289513C23164F2BA23536C2 /* RelWithDebInfo */ = {
			isa = XCBuildConfiguration;
			buildSettings = {
				ONLY_ACTIVE_ARCH = YES;
				SDKROOT = /Applications/Xcode.app/Contents/Developer/Platforms/MacOSX.platform/Developer/SDKs/MacOSX10.12.sdk;
				SYMROOT = /Users/hang/Desktop/SelfDrivingCar__TERM2/Term2/P4/build;
			};
			name = RelWithDebInfo;
		};
		5B4E8D511FD44FE291C55C64 /* RelWithDebInfo */ = {
			isa = XCBuildConfiguration;
			buildSettings = {
				COMBINE_HIDPI_IMAGES = YES;
				EXECUTABLE_PREFIX = "";
				EXECUTABLE_SUFFIX = "";
				GCC_GENERATE_DEBUGGING_SYMBOLS = YES;
				GCC_INLINES_ARE_PRIVATE_EXTERN = NO;
				GCC_OPTIMIZATION_LEVEL = 2;
				GCC_PREPROCESSOR_DEFINITIONS = ("'CMAKE_INTDIR=\"$(CONFIGURATION)$(EFFECTIVE_PLATFORM_NAME)\"'", );
				GCC_SYMBOLS_PRIVATE_EXTERN = NO;
				HEADER_SEARCH_PATHS = (/usr/local/include, /usr/local/opt/openssl/include, );
				INSTALL_PATH = "";
				LD_RUNPATH_SEARCH_PATHS = "/usr/local/lib /usr/local/opt/openssl/lib /usr/local/Cellar/libuv/1.11.0/lib";
				LIBRARY_SEARCH_PATHS = " /usr/local/lib/$(CONFIGURATION)$(EFFECTIVE_PLATFORM_NAME) /usr/local/lib /usr/local/opt/openssl/lib/$(CONFIGURATION)$(EFFECTIVE_PLATFORM_NAME) /usr/local/opt/openssl/lib /usr/local/Cellar/libuv/1.11.0/lib/$(CONFIGURATION)$(EFFECTIVE_PLATFORM_NAME) /usr/local/Cellar/libuv/1.11.0/lib";
				OTHER_CPLUSPLUSFLAGS = "-Wall        -DNDEBUG   -std=c++11";
				OTHER_LDFLAGS = " -Wl,-search_paths_first -Wl,-headerpad_max_install_names  -lz -lssl -luv -luWS";
				OTHER_REZFLAGS = "";
				PRODUCT_NAME = pid;
				SECTORDER_FLAGS = "";
				SYMROOT = /Users/hang/Desktop/SelfDrivingCar__TERM2/Term2/P4;
				USE_HEADERMAP = NO;
				WARNING_CFLAGS = ("-Wmost", "-Wno-four-char-constants", "-Wno-unknown-pragmas", "$(inherited)", );
			};
			name = RelWithDebInfo;
		};
		5EF6C909D0F04D709C45B4F0 /* Release */ = {
			isa = XCBuildConfiguration;
			buildSettings = {
				ONLY_ACTIVE_ARCH = YES;
				SDKROOT = /Applications/Xcode.app/Contents/Developer/Platforms/MacOSX.platform/Developer/SDKs/MacOSX10.12.sdk;
				SYMROOT = /Users/hang/Desktop/SelfDrivingCar__TERM2/Term2/P4/build;
			};
			name = Release;
		};
		658331DDA63D4F64A3CB978A /* Release */ = {
			isa = XCBuildConfiguration;
			buildSettings = {
				COMBINE_HIDPI_IMAGES = YES;
				GCC_GENERATE_DEBUGGING_SYMBOLS = YES;
				GCC_INLINES_ARE_PRIVATE_EXTERN = NO;
				GCC_OPTIMIZATION_LEVEL = 0;
				GCC_PREPROCESSOR_DEFINITIONS = ("'CMAKE_INTDIR=\"$(CONFIGURATION)$(EFFECTIVE_PLATFORM_NAME)\"'", );
				GCC_SYMBOLS_PRIVATE_EXTERN = NO;
				HEADER_SEARCH_PATHS = (/usr/local/include, /usr/local/opt/openssl/include, );
				INSTALL_PATH = "";
				OTHER_LDFLAGS = " ";
				OTHER_REZFLAGS = "";
				PRODUCT_NAME = ZERO_CHECK;
				SECTORDER_FLAGS = "";
				SYMROOT = /Users/hang/Desktop/SelfDrivingCar__TERM2/Term2/P4;
				USE_HEADERMAP = NO;
				WARNING_CFLAGS = ("-Wmost", "-Wno-four-char-constants", "-Wno-unknown-pragmas", "$(inherited)", );
			};
			name = Release;
		};
		6BAB0AD3FE914C2F98F3474D /* MinSizeRel */ = {
			isa = XCBuildConfiguration;
			buildSettings = {
				COMBINE_HIDPI_IMAGES = YES;
				EXECUTABLE_PREFIX = "";
				EXECUTABLE_SUFFIX = "";
				GCC_GENERATE_DEBUGGING_SYMBOLS = NO;
				GCC_INLINES_ARE_PRIVATE_EXTERN = NO;
				GCC_OPTIMIZATION_LEVEL = s;
				GCC_PREPROCESSOR_DEFINITIONS = ("'CMAKE_INTDIR=\"$(CONFIGURATION)$(EFFECTIVE_PLATFORM_NAME)\"'", );
				GCC_SYMBOLS_PRIVATE_EXTERN = NO;
				HEADER_SEARCH_PATHS = (/usr/local/include, /usr/local/opt/openssl/include, );
				INSTALL_PATH = "";
				LD_RUNPATH_SEARCH_PATHS = "/usr/local/lib /usr/local/opt/openssl/lib /usr/local/Cellar/libuv/1.11.0/lib";
				LIBRARY_SEARCH_PATHS = " /usr/local/lib/$(CONFIGURATION)$(EFFECTIVE_PLATFORM_NAME) /usr/local/lib /usr/local/opt/openssl/lib/$(CONFIGURATION)$(EFFECTIVE_PLATFORM_NAME) /usr/local/opt/openssl/lib /usr/local/Cellar/libuv/1.11.0/lib/$(CONFIGURATION)$(EFFECTIVE_PLATFORM_NAME) /usr/local/Cellar/libuv/1.11.0/lib";
				OTHER_CPLUSPLUSFLAGS = "-Wall     -DNDEBUG   -std=c++11";
				OTHER_LDFLAGS = " -Wl,-search_paths_first -Wl,-headerpad_max_install_names  -lz -lssl -luv -luWS";
				OTHER_REZFLAGS = "";
				PRODUCT_NAME = pid;
				SECTORDER_FLAGS = "";
				SYMROOT = /Users/hang/Desktop/SelfDrivingCar__TERM2/Term2/P4;
				USE_HEADERMAP = NO;
				WARNING_CFLAGS = ("-Wmost", "-Wno-four-char-constants", "-Wno-unknown-pragmas", "$(inherited)", );
			};
			name = MinSizeRel;
		};
		6DCC668C0C31443886F16790 /* Debug */ = {
			isa = XCBuildConfiguration;
			buildSettings = {
				COMBINE_HIDPI_IMAGES = YES;
				GCC_GENERATE_DEBUGGING_SYMBOLS = YES;
				GCC_INLINES_ARE_PRIVATE_EXTERN = NO;
				GCC_OPTIMIZATION_LEVEL = 0;
				GCC_PREPROCESSOR_DEFINITIONS = ("'CMAKE_INTDIR=\"$(CONFIGURATION)$(EFFECTIVE_PLATFORM_NAME)\"'", );
				GCC_SYMBOLS_PRIVATE_EXTERN = NO;
				HEADER_SEARCH_PATHS = (/usr/local/include, /usr/local/opt/openssl/include, );
				INSTALL_PATH = "";
				OTHER_LDFLAGS = " ";
				OTHER_REZFLAGS = "";
				PRODUCT_NAME = ALL_BUILD;
				SECTORDER_FLAGS = "";
				SYMROOT = /Users/hang/Desktop/SelfDrivingCar__TERM2/Term2/P4;
				USE_HEADERMAP = NO;
				WARNING_CFLAGS = ("-Wmost", "-Wno-four-char-constants", "-Wno-unknown-pragmas", "$(inherited)", );
			};
			name = Debug;
		};
		6E55B3D6F66749FB9423B9F2 /* Release */ = {
			isa = XCBuildConfiguration;
			buildSettings = {
				COMBINE_HIDPI_IMAGES = YES;
				EXECUTABLE_PREFIX = "";
				EXECUTABLE_SUFFIX = "";
				GCC_GENERATE_DEBUGGING_SYMBOLS = NO;
				GCC_INLINES_ARE_PRIVATE_EXTERN = NO;
				GCC_OPTIMIZATION_LEVEL = 3;
				GCC_PREPROCESSOR_DEFINITIONS = ("'CMAKE_INTDIR=\"$(CONFIGURATION)$(EFFECTIVE_PLATFORM_NAME)\"'", );
				GCC_SYMBOLS_PRIVATE_EXTERN = NO;
				HEADER_SEARCH_PATHS = (/usr/local/include, /usr/local/opt/openssl/include, );
				INSTALL_PATH = "";
				LD_RUNPATH_SEARCH_PATHS = "/usr/local/lib /usr/local/opt/openssl/lib /usr/local/Cellar/libuv/1.11.0/lib";
				LIBRARY_SEARCH_PATHS = " /usr/local/lib/$(CONFIGURATION)$(EFFECTIVE_PLATFORM_NAME) /usr/local/lib /usr/local/opt/openssl/lib/$(CONFIGURATION)$(EFFECTIVE_PLATFORM_NAME) /usr/local/opt/openssl/lib /usr/local/Cellar/libuv/1.11.0/lib/$(CONFIGURATION)$(EFFECTIVE_PLATFORM_NAME) /usr/local/Cellar/libuv/1.11.0/lib";
				OTHER_CPLUSPLUSFLAGS = "-Wall     -DNDEBUG   -std=c++11";
				OTHER_LDFLAGS = " -Wl,-search_paths_first -Wl,-headerpad_max_install_names  -lz -lssl -luv -luWS";
				OTHER_REZFLAGS = "";
				PRODUCT_NAME = pid;
				SECTORDER_FLAGS = "";
				SYMROOT = /Users/hang/Desktop/SelfDrivingCar__TERM2/Term2/P4;
				USE_HEADERMAP = NO;
				WARNING_CFLAGS = ("-Wmost", "-Wno-four-char-constants", "-Wno-unknown-pragmas", "$(inherited)", );
			};
			name = Release;
		};
		7E851D001548489C8DB79C7F /* MinSizeRel */ = {
			isa = XCBuildConfiguration;
			buildSettings = {
				COMBINE_HIDPI_IMAGES = YES;
				GCC_GENERATE_DEBUGGING_SYMBOLS = YES;
				GCC_INLINES_ARE_PRIVATE_EXTERN = NO;
				GCC_OPTIMIZATION_LEVEL = 0;
				GCC_PREPROCESSOR_DEFINITIONS = ("'CMAKE_INTDIR=\"$(CONFIGURATION)$(EFFECTIVE_PLATFORM_NAME)\"'", );
				GCC_SYMBOLS_PRIVATE_EXTERN = NO;
				HEADER_SEARCH_PATHS = (/usr/local/include, /usr/local/opt/openssl/include, );
				INSTALL_PATH = "";
				OTHER_LDFLAGS = " ";
				OTHER_REZFLAGS = "";
				PRODUCT_NAME = ZERO_CHECK;
				SECTORDER_FLAGS = "";
				SYMROOT = /Users/hang/Desktop/SelfDrivingCar__TERM2/Term2/P4;
				USE_HEADERMAP = NO;
				WARNING_CFLAGS = ("-Wmost", "-Wno-four-char-constants", "-Wno-unknown-pragmas", "$(inherited)", );
			};
			name = MinSizeRel;
		};
		9C23F58227FD448EA2EDDA3F /* RelWithDebInfo */ = {
			isa = XCBuildConfiguration;
			buildSettings = {
				COMBINE_HIDPI_IMAGES = YES;
				GCC_GENERATE_DEBUGGING_SYMBOLS = YES;
				GCC_INLINES_ARE_PRIVATE_EXTERN = NO;
				GCC_OPTIMIZATION_LEVEL = 0;
				GCC_PREPROCESSOR_DEFINITIONS = ("'CMAKE_INTDIR=\"$(CONFIGURATION)$(EFFECTIVE_PLATFORM_NAME)\"'", );
				GCC_SYMBOLS_PRIVATE_EXTERN = NO;
				HEADER_SEARCH_PATHS = (/usr/local/include, /usr/local/opt/openssl/include, );
				INSTALL_PATH = "";
				OTHER_LDFLAGS = " ";
				OTHER_REZFLAGS = "";
				PRODUCT_NAME = ALL_BUILD;
				SECTORDER_FLAGS = "";
				SYMROOT = /Users/hang/Desktop/SelfDrivingCar__TERM2/Term2/P4;
				USE_HEADERMAP = NO;
				WARNING_CFLAGS = ("-Wmost", "-Wno-four-char-constants", "-Wno-unknown-pragmas", "$(inherited)", );
			};
			name = RelWithDebInfo;
		};
		AB8184F2C91E49C082E05ED3 /* Debug */ = {
			isa = XCBuildConfiguration;
			buildSettings = {
				COMBINE_HIDPI_IMAGES = YES;
				GCC_GENERATE_DEBUGGING_SYMBOLS = YES;
				GCC_INLINES_ARE_PRIVATE_EXTERN = NO;
				GCC_OPTIMIZATION_LEVEL = 0;
				GCC_PREPROCESSOR_DEFINITIONS = ("'CMAKE_INTDIR=\"$(CONFIGURATION)$(EFFECTIVE_PLATFORM_NAME)\"'", );
				GCC_SYMBOLS_PRIVATE_EXTERN = NO;
				HEADER_SEARCH_PATHS = (/usr/local/include, /usr/local/opt/openssl/include, );
				INSTALL_PATH = "";
				OTHER_LDFLAGS = " ";
				OTHER_REZFLAGS = "";
				PRODUCT_NAME = ZERO_CHECK;
				SECTORDER_FLAGS = "";
				SYMROOT = /Users/hang/Desktop/SelfDrivingCar__TERM2/Term2/P4;
				USE_HEADERMAP = NO;
				WARNING_CFLAGS = ("-Wmost", "-Wno-four-char-constants", "-Wno-unknown-pragmas", "$(inherited)", );
			};
			name = Debug;
		};
		D974E8BE517048BDA9835686 /* RelWithDebInfo */ = {
			isa = XCBuildConfiguration;
			buildSettings = {
				COMBINE_HIDPI_IMAGES = YES;
				GCC_GENERATE_DEBUGGING_SYMBOLS = YES;
				GCC_INLINES_ARE_PRIVATE_EXTERN = NO;
				GCC_OPTIMIZATION_LEVEL = 0;
				GCC_PREPROCESSOR_DEFINITIONS = ("'CMAKE_INTDIR=\"$(CONFIGURATION)$(EFFECTIVE_PLATFORM_NAME)\"'", );
				GCC_SYMBOLS_PRIVATE_EXTERN = NO;
				HEADER_SEARCH_PATHS = (/usr/local/include, /usr/local/opt/openssl/include, );
				INSTALL_PATH = "";
				OTHER_LDFLAGS = " ";
				OTHER_REZFLAGS = "";
				PRODUCT_NAME = ZERO_CHECK;
				SECTORDER_FLAGS = "";
				SYMROOT = /Users/hang/Desktop/SelfDrivingCar__TERM2/Term2/P4;
				USE_HEADERMAP = NO;
				WARNING_CFLAGS = ("-Wmost", "-Wno-four-char-constants", "-Wno-unknown-pragmas", "$(inherited)", );
			};
			name = RelWithDebInfo;
		};
		EC3C3FFCDCEE444F83EACB9C /* MinSizeRel */ = {
			isa = XCBuildConfiguration;
			buildSettings = {
				ONLY_ACTIVE_ARCH = YES;
				SDKROOT = /Applications/Xcode.app/Contents/Developer/Platforms/MacOSX.platform/Developer/SDKs/MacOSX10.12.sdk;
				SYMROOT = /Users/hang/Desktop/SelfDrivingCar__TERM2/Term2/P4/build;
			};
			name = MinSizeRel;
		};
		EC6BF998DB204DD59A4BEC46 /* Debug */ = {
			isa = XCBuildConfiguration;
			buildSettings = {
				COMBINE_HIDPI_IMAGES = YES;
				EXECUTABLE_PREFIX = "";
				EXECUTABLE_SUFFIX = "";
				GCC_GENERATE_DEBUGGING_SYMBOLS = YES;
				GCC_INLINES_ARE_PRIVATE_EXTERN = NO;
				GCC_OPTIMIZATION_LEVEL = 0;
				GCC_PREPROCESSOR_DEFINITIONS = ("'CMAKE_INTDIR=\"$(CONFIGURATION)$(EFFECTIVE_PLATFORM_NAME)\"'", );
				GCC_SYMBOLS_PRIVATE_EXTERN = NO;
				HEADER_SEARCH_PATHS = (/usr/local/include, /usr/local/opt/openssl/include, );
				INSTALL_PATH = "";
				LD_RUNPATH_SEARCH_PATHS = "/usr/local/lib /usr/local/opt/openssl/lib /usr/local/Cellar/libuv/1.11.0/lib";
				LIBRARY_SEARCH_PATHS = " /usr/local/lib/$(CONFIGURATION)$(EFFECTIVE_PLATFORM_NAME) /usr/local/lib /usr/local/opt/openssl/lib/$(CONFIGURATION)$(EFFECTIVE_PLATFORM_NAME) /usr/local/opt/openssl/lib /usr/local/Cellar/libuv/1.11.0/lib/$(CONFIGURATION)$(EFFECTIVE_PLATFORM_NAME) /usr/local/Cellar/libuv/1.11.0/lib";
				OTHER_CPLUSPLUSFLAGS = "-Wall      -std=c++11";
				OTHER_LDFLAGS = " -Wl,-search_paths_first -Wl,-headerpad_max_install_names  -lz -lssl -luv -luWS";
				OTHER_REZFLAGS = "";
				PRODUCT_NAME = pid;
				SECTORDER_FLAGS = "";
				SYMROOT = /Users/hang/Desktop/SelfDrivingCar__TERM2/Term2/P4;
				USE_HEADERMAP = NO;
				WARNING_CFLAGS = ("-Wmost", "-Wno-four-char-constants", "-Wno-unknown-pragmas", "$(inherited)", );
			};
			name = Debug;
		};
		FC32756705994031A48ACFDD /* Release */ = {
			isa = XCBuildConfiguration;
			buildSettings = {
				COMBINE_HIDPI_IMAGES = YES;
				GCC_GENERATE_DEBUGGING_SYMBOLS = YES;
				GCC_INLINES_ARE_PRIVATE_EXTERN = NO;
				GCC_OPTIMIZATION_LEVEL = 0;
				GCC_PREPROCESSOR_DEFINITIONS = ("'CMAKE_INTDIR=\"$(CONFIGURATION)$(EFFECTIVE_PLATFORM_NAME)\"'", );
				GCC_SYMBOLS_PRIVATE_EXTERN = NO;
				HEADER_SEARCH_PATHS = (/usr/local/include, /usr/local/opt/openssl/include, );
				INSTALL_PATH = "";
				OTHER_LDFLAGS = " ";
				OTHER_REZFLAGS = "";
				PRODUCT_NAME = ALL_BUILD;
				SECTORDER_FLAGS = "";
				SYMROOT = /Users/hang/Desktop/SelfDrivingCar__TERM2/Term2/P4;
				USE_HEADERMAP = NO;
				WARNING_CFLAGS = ("-Wmost", "-Wno-four-char-constants", "-Wno-unknown-pragmas", "$(inherited)", );
			};
			name = Release;
		};
/* End XCBuildConfiguration section */

/* Begin XCConfigurationList section */
		283D55441B63445CA03B9C60 /* Build configuration list for PBXProject "PID" */ = {
			isa = XCConfigurationList;
			buildConfigurations = (
				2099B9574E294A4BB7E5DB42 /* Debug */,
				5EF6C909D0F04D709C45B4F0 /* Release */,
				EC3C3FFCDCEE444F83EACB9C /* MinSizeRel */,
				5289513C23164F2BA23536C2 /* RelWithDebInfo */,
			);
			defaultConfigurationIsVisible = 0;
			defaultConfigurationName = Debug;
		};
		6ABD95DA8D39408BBC8FDA37 /* Build configuration list for PBXAggregateTarget "ZERO_CHECK" */ = {
			isa = XCConfigurationList;
			buildConfigurations = (
				AB8184F2C91E49C082E05ED3 /* Debug */,
				658331DDA63D4F64A3CB978A /* Release */,
				7E851D001548489C8DB79C7F /* MinSizeRel */,
				D974E8BE517048BDA9835686 /* RelWithDebInfo */,
			);
			defaultConfigurationIsVisible = 0;
			defaultConfigurationName = Debug;
		};
		DEDA1E48BA1E47C3AEF4EE9D /* Build configuration list for PBXNativeTarget "pid" */ = {
			isa = XCConfigurationList;
			buildConfigurations = (
				EC6BF998DB204DD59A4BEC46 /* Debug */,
				6E55B3D6F66749FB9423B9F2 /* Release */,
				6BAB0AD3FE914C2F98F3474D /* MinSizeRel */,
				5B4E8D511FD44FE291C55C64 /* RelWithDebInfo */,
			);
			defaultConfigurationIsVisible = 0;
			defaultConfigurationName = Debug;
		};
		F2D166882EA64556B1A15123 /* Build configuration list for PBXAggregateTarget "ALL_BUILD" */ = {
			isa = XCConfigurationList;
			buildConfigurations = (
				6DCC668C0C31443886F16790 /* Debug */,
				FC32756705994031A48ACFDD /* Release */,
				268D25F81B18405EA2140B7D /* MinSizeRel */,
				9C23F58227FD448EA2EDDA3F /* RelWithDebInfo */,
			);
			defaultConfigurationIsVisible = 0;
			defaultConfigurationName = Debug;
		};
/* End XCConfigurationList section */
	};
	rootObject = A1AB21CBA30D439FA3DEBFC5 /* Project object */;
}
